{
  "name": "com.uploadcmnd",
  "version": "1.1.0",
  "lockfileVersion": 1,
  "requires": true,
  "dependencies": {
    "react-native-image-crop-picker": {
      "version": "0.32.2",
      "resolved": "https://registry.npmjs.org/react-native-image-crop-picker/-/react-native-image-crop-picker-0.32.2.tgz",
      "integrity": "sha512-x1rwdpVKL6v1AY38rLNYUkLEJIxOK/3C8ipmNbcYFUKunVcmsEvhGLX2ll9kMjp/q+vGOmx4YO38eGp0axYoxg=="
    }
  }
}
